
Microsoft Visual Studio Solution File, Format Version 12.00
# Visual Studio Version 17
VisualStudioVersion = 17.7.34018.315
MinimumVisualStudioVersion = 10.0.40219.1
Project("{FAE04EC0-301F-11D3-BF4B-00C04F79EFBC}") = "LibraryApp", "LibraryApp\LibraryApp.csproj", "{02FF07BE-FF45-4CB8-BBFF-A343E8060096}"
EndProject
Global
	GlobalSection(SolutionConfigurationPlatforms) = preSolution
		Debug|Any CPU = Debug|Any CPU
		Release|Any CPU = Release|Any CPU
	EndGlobalSection
	GlobalSection(ProjectConfigurationPlatforms) = postSolution
		{02FF07BE-FF45-4CB8-BBFF-A343E8060096}.Debug|Any CPU.ActiveCfg = Debug|Any CPU
		{02FF07BE-FF45-4CB8-BBFF-A343E8060096}.Debug|Any CPU.Build.0 = Debug|Any CPU
		{02FF07BE-FF45-4CB8-BBFF-A343E8060096}.Release|Any CPU.ActiveCfg = Release|Any CPU
		{02FF07BE-FF45-4CB8-BBFF-A343E8060096}.Release|Any CPU.Build.0 = Release|Any CPU
	EndGlobalSection
	GlobalSection(SolutionProperties) = preSolution
		HideSolutionNode = FALSE
	EndGlobalSection
	GlobalSection(ExtensibilityGlobals) = postSolution
		SolutionGuid = {95610396-37C1-4E08-BADA-4262F6D80868}
	EndGlobalSection
EndGlobal
